
Microsoft Visual Studio Solution File, Format Version 12.00
# Visual Studio for Mac
Project("{FAE04EC0-301F-11D3-BF4B-00C04F79EFBC}") = "Assembly-CSharp", "Assembly-CSharp.csproj", "{580A690C-6229-6A29-3A0A-A2A411004A8D}"
EndProject
Project("{FAE04EC0-301F-11D3-BF4B-00C04F79EFBC}") = "Assembly-CSharp-Editor", "Assembly-CSharp-Editor.csproj", "{A94772BA-3148-9B7A-83D9-3CF30D6344C6}"
EndProject
Global
	GlobalSection(SolutionConfigurationPlatforms) = preSolution
		Debug|Any CPU = Debug|Any CPU
		Release|Any CPU = Release|Any CPU
	EndGlobalSection
	GlobalSection(ProjectConfigurationPlatforms) = postSolution
		{580A690C-6229-6A29-3A0A-A2A411004A8D}.Debug|Any CPU.ActiveCfg = Debug|Any CPU
		{580A690C-6229-6A29-3A0A-A2A411004A8D}.Debug|Any CPU.Build.0 = Debug|Any CPU
		{580A690C-6229-6A29-3A0A-A2A411004A8D}.Release|Any CPU.ActiveCfg = Release|Any CPU
		{580A690C-6229-6A29-3A0A-A2A411004A8D}.Release|Any CPU.Build.0 = Release|Any CPU
		{A94772BA-3148-9B7A-83D9-3CF30D6344C6}.Debug|Any CPU.ActiveCfg = Debug|Any CPU
		{A94772BA-3148-9B7A-83D9-3CF30D6344C6}.Debug|Any CPU.Build.0 = Debug|Any CPU
		{A94772BA-3148-9B7A-83D9-3CF30D6344C6}.Release|Any CPU.ActiveCfg = Release|Any CPU
		{A94772BA-3148-9B7A-83D9-3CF30D6344C6}.Release|Any CPU.Build.0 = Release|Any CPU
	EndGlobalSection
	GlobalSection(SolutionProperties) = preSolution
		HideSolutionNode = FALSE
	EndGlobalSection
EndGlobal
